// !$*UTF8*$!
{
	archiveVersion = 1;
	classes = {
	};
	objectVersion = 56;
	objects = {

/* Begin PBXBuildFile section */
		6121FCA228E75D5F000435C0 /* AppDelegate.swift in Sources */ = {isa = PBXBuildFile; fileRef = 6121FCA128E75D5F000435C0 /* AppDelegate.swift */; };
		6121FCA428E75D5F000435C0 /* SceneDelegate.swift in Sources */ = {isa = PBXBuildFile; fileRef = 6121FCA328E75D5F000435C0 /* SceneDelegate.swift */; };
		6121FCAB28E75D60000435C0 /* Assets.xcassets in Resources */ = {isa = PBXBuildFile; fileRef = 6121FCAA28E75D60000435C0 /* Assets.xcassets */; };
		6121FCAE28E75D60000435C0 /* LaunchScreen.storyboard in Resources */ = {isa = PBXBuildFile; fileRef = 6121FCAC28E75D60000435C0 /* LaunchScreen.storyboard */; };
		6121FCC128E75FC2000435C0 /* pokemon_appTests.swift in Sources */ = {isa = PBXBuildFile; fileRef = 6121FCC028E75FC2000435C0 /* pokemon_appTests.swift */; };
		61A0F38D28E7F7F700D49D02 /* Pokemon.swift in Sources */ = {isa = PBXBuildFile; fileRef = 61A0F38C28E7F7F700D49D02 /* Pokemon.swift */; };
		61A0F39128E7F9EE00D49D02 /* PokemonListRepositoryInterfaces.swift in Sources */ = {isa = PBXBuildFile; fileRef = 61A0F39028E7F9EE00D49D02 /* PokemonListRepositoryInterfaces.swift */; };
		61A0F39428E7FCA700D49D02 /* ListPokemonUseCase.swift in Sources */ = {isa = PBXBuildFile; fileRef = 61A0F39328E7FCA700D49D02 /* ListPokemonUseCase.swift */; };
		61A0F39728E7FF2000D49D02 /* PokemonListRepositoryImpl.swift in Sources */ = {isa = PBXBuildFile; fileRef = 61A0F39628E7FF2000D49D02 /* PokemonListRepositoryImpl.swift */; };
		61A0F39A28E7FF6A00D49D02 /* PokemonService.swift in Sources */ = {isa = PBXBuildFile; fileRef = 61A0F39928E7FF6A00D49D02 /* PokemonService.swift */; };
		61A0F39D28E800AB00D49D02 /* NETPokemonPageResponse.swift in Sources */ = {isa = PBXBuildFile; fileRef = 61A0F39C28E800AB00D49D02 /* NETPokemonPageResponse.swift */; };
		61A0F3A228E8213A00D49D02 /* Observable+Ext.swift in Sources */ = {isa = PBXBuildFile; fileRef = 61A0F3A128E8213A00D49D02 /* Observable+Ext.swift */; };
		61A0F3A528E8485800D49D02 /* ViewModelType.swift in Sources */ = {isa = PBXBuildFile; fileRef = 61A0F3A428E8485800D49D02 /* ViewModelType.swift */; };
		61A0F3A928E8490000D49D02 /* ErrorTracker.swift in Sources */ = {isa = PBXBuildFile; fileRef = 61A0F3A728E8490000D49D02 /* ErrorTracker.swift */; };
		61A0F3AA28E8490000D49D02 /* ActivityIndicator.swift in Sources */ = {isa = PBXBuildFile; fileRef = 61A0F3A828E8490000D49D02 /* ActivityIndicator.swift */; };
		61A0F3AF28E84A6500D49D02 /* PokemonCardCollectionCell.swift in Sources */ = {isa = PBXBuildFile; fileRef = 61A0F3AE28E84A6500D49D02 /* PokemonCardCollectionCell.swift */; };
		694EEC95F1546144F8C4D4AB /* Pods_pokemon_appTests.framework in Frameworks */ = {isa = PBXBuildFile; fileRef = 6037B29C2A7B7882D65C01A3 /* Pods_pokemon_appTests.framework */; };
		B529E1325311921F51C3D2DC /* Pods_pokemon_app.framework in Frameworks */ = {isa = PBXBuildFile; fileRef = 046404D4E5087F6F09EAACF5 /* Pods_pokemon_app.framework */; };
/* End PBXBuildFile section */

/* Begin PBXContainerItemProxy section */
		6121FCC228E75FC2000435C0 /* PBXContainerItemProxy */ = {
			isa = PBXContainerItemProxy;
			containerPortal = 6121FC9628E75D5F000435C0 /* Project object */;
			proxyType = 1;
			remoteGlobalIDString = 6121FC9D28E75D5F000435C0;
			remoteInfo = "pokemon-app";
		};
/* End PBXContainerItemProxy section */

/* Begin PBXFileReference section */
		046404D4E5087F6F09EAACF5 /* Pods_pokemon_app.framework */ = {isa = PBXFileReference; explicitFileType = wrapper.framework; includeInIndex = 0; path = Pods_pokemon_app.framework; sourceTree = BUILT_PRODUCTS_DIR; };
		6037B29C2A7B7882D65C01A3 /* Pods_pokemon_appTests.framework */ = {isa = PBXFileReference; explicitFileType = wrapper.framework; includeInIndex = 0; path = Pods_pokemon_appTests.framework; sourceTree = BUILT_PRODUCTS_DIR; };
		6121FC9E28E75D5F000435C0 /* pokemon-app.app */ = {isa = PBXFileReference; explicitFileType = wrapper.application; includeInIndex = 0; path = "pokemon-app.app"; sourceTree = BUILT_PRODUCTS_DIR; };
		6121FCA128E75D5F000435C0 /* AppDelegate.swift */ = {isa = PBXFileReference; lastKnownFileType = sourcecode.swift; path = AppDelegate.swift; sourceTree = "<group>"; };
		6121FCA328E75D5F000435C0 /* SceneDelegate.swift */ = {isa = PBXFileReference; lastKnownFileType = sourcecode.swift; path = SceneDelegate.swift; sourceTree = "<group>"; };
		6121FCAA28E75D60000435C0 /* Assets.xcassets */ = {isa = PBXFileReference; lastKnownFileType = folder.assetcatalog; path = Assets.xcassets; sourceTree = "<group>"; };
		6121FCAD28E75D60000435C0 /* Base */ = {isa = PBXFileReference; lastKnownFileType = file.storyboard; name = Base; path = Base.lproj/LaunchScreen.storyboard; sourceTree = "<group>"; };
		6121FCAF28E75D60000435C0 /* Info.plist */ = {isa = PBXFileReference; lastKnownFileType = text.plist.xml; path = Info.plist; sourceTree = "<group>"; };
		6121FCBE28E75FC2000435C0 /* pokemon-appTests.xctest */ = {isa = PBXFileReference; explicitFileType = wrapper.cfbundle; includeInIndex = 0; path = "pokemon-appTests.xctest"; sourceTree = BUILT_PRODUCTS_DIR; };
		6121FCC028E75FC2000435C0 /* pokemon_appTests.swift */ = {isa = PBXFileReference; lastKnownFileType = sourcecode.swift; path = pokemon_appTests.swift; sourceTree = "<group>"; };
		61A0F38C28E7F7F700D49D02 /* Pokemon.swift */ = {isa = PBXFileReference; lastKnownFileType = sourcecode.swift; path = Pokemon.swift; sourceTree = "<group>"; };
		61A0F39028E7F9EE00D49D02 /* PokemonListRepositoryInterfaces.swift */ = {isa = PBXFileReference; lastKnownFileType = sourcecode.swift; path = PokemonListRepositoryInterfaces.swift; sourceTree = "<group>"; };
		61A0F39328E7FCA700D49D02 /* ListPokemonUseCase.swift */ = {isa = PBXFileReference; lastKnownFileType = sourcecode.swift; path = ListPokemonUseCase.swift; sourceTree = "<group>"; };
		61A0F39628E7FF2000D49D02 /* PokemonListRepositoryImpl.swift */ = {isa = PBXFileReference; lastKnownFileType = sourcecode.swift; path = PokemonListRepositoryImpl.swift; sourceTree = "<group>"; };
		61A0F39928E7FF6A00D49D02 /* PokemonService.swift */ = {isa = PBXFileReference; lastKnownFileType = sourcecode.swift; path = PokemonService.swift; sourceTree = "<group>"; };
		61A0F39C28E800AB00D49D02 /* NETPokemonPageResponse.swift */ = {isa = PBXFileReference; lastKnownFileType = sourcecode.swift; path = NETPokemonPageResponse.swift; sourceTree = "<group>"; };
		61A0F3A128E8213A00D49D02 /* Observable+Ext.swift */ = {isa = PBXFileReference; lastKnownFileType = sourcecode.swift; path = "Observable+Ext.swift"; sourceTree = "<group>"; };
		61A0F3A428E8485800D49D02 /* ViewModelType.swift */ = {isa = PBXFileReference; lastKnownFileType = sourcecode.swift; path = ViewModelType.swift; sourceTree = "<group>"; };
		61A0F3A728E8490000D49D02 /* ErrorTracker.swift */ = {isa = PBXFileReference; fileEncoding = 4; lastKnownFileType = sourcecode.swift; path = ErrorTracker.swift; sourceTree = "<group>"; };
		61A0F3A828E8490000D49D02 /* ActivityIndicator.swift */ = {isa = PBXFileReference; fileEncoding = 4; lastKnownFileType = sourcecode.swift; path = ActivityIndicator.swift; sourceTree = "<group>"; };
		61A0F3AE28E84A6500D49D02 /* PokemonCardCollectionCell.swift */ = {isa = PBXFileReference; lastKnownFileType = sourcecode.swift; path = PokemonCardCollectionCell.swift; sourceTree = "<group>"; };
		95D865A5E948C6E7AE7FFE04 /* Pods-pokemon-appTests.release.xcconfig */ = {isa = PBXFileReference; includeInIndex = 1; lastKnownFileType = text.xcconfig; name = "Pods-pokemon-appTests.release.xcconfig"; path = "Target Support Files/Pods-pokemon-appTests/Pods-pokemon-appTests.release.xcconfig"; sourceTree = "<group>"; };
		DBE907ED1D39BB1F2FA1DE09 /* Pods-pokemon-appTests.debug.xcconfig */ = {isa = PBXFileReference; includeInIndex = 1; lastKnownFileType = text.xcconfig; name = "Pods-pokemon-appTests.debug.xcconfig"; path = "Target Support Files/Pods-pokemon-appTests/Pods-pokemon-appTests.debug.xcconfig"; sourceTree = "<group>"; };
		F111F6932B892AEFB55BF7FE /* Pods-pokemon-app.debug.xcconfig */ = {isa = PBXFileReference; includeInIndex = 1; lastKnownFileType = text.xcconfig; name = "Pods-pokemon-app.debug.xcconfig"; path = "Target Support Files/Pods-pokemon-app/Pods-pokemon-app.debug.xcconfig"; sourceTree = "<group>"; };
		F5137C1D082B9B8FDB2C4987 /* Pods-pokemon-app.release.xcconfig */ = {isa = PBXFileReference; includeInIndex = 1; lastKnownFileType = text.xcconfig; name = "Pods-pokemon-app.release.xcconfig"; path = "Target Support Files/Pods-pokemon-app/Pods-pokemon-app.release.xcconfig"; sourceTree = "<group>"; };
/* End PBXFileReference section */

/* Begin PBXFrameworksBuildPhase section */
		6121FC9B28E75D5F000435C0 /* Frameworks */ = {
			isa = PBXFrameworksBuildPhase;
			buildActionMask = 2147483647;
			files = (
				B529E1325311921F51C3D2DC /* Pods_pokemon_app.framework in Frameworks */,
			);
			runOnlyForDeploymentPostprocessing = 0;
		};
		6121FCBB28E75FC2000435C0 /* Frameworks */ = {
			isa = PBXFrameworksBuildPhase;
			buildActionMask = 2147483647;
			files = (
				694EEC95F1546144F8C4D4AB /* Pods_pokemon_appTests.framework in Frameworks */,
			);
			runOnlyForDeploymentPostprocessing = 0;
		};
/* End PBXFrameworksBuildPhase section */

/* Begin PBXGroup section */
		328AF16AA55B383E7B8F9738 /* Frameworks */ = {
			isa = PBXGroup;
			children = (
				046404D4E5087F6F09EAACF5 /* Pods_pokemon_app.framework */,
				6037B29C2A7B7882D65C01A3 /* Pods_pokemon_appTests.framework */,
			);
			name = Frameworks;
			sourceTree = "<group>";
		};
		3E647EAE6F9E216B9D102F85 /* Pods */ = {
			isa = PBXGroup;
			children = (
				F111F6932B892AEFB55BF7FE /* Pods-pokemon-app.debug.xcconfig */,
				F5137C1D082B9B8FDB2C4987 /* Pods-pokemon-app.release.xcconfig */,
				DBE907ED1D39BB1F2FA1DE09 /* Pods-pokemon-appTests.debug.xcconfig */,
				95D865A5E948C6E7AE7FFE04 /* Pods-pokemon-appTests.release.xcconfig */,
			);
			path = Pods;
			sourceTree = "<group>";
		};
		6121FC9528E75D5F000435C0 = {
			isa = PBXGroup;
			children = (
				6121FCA028E75D5F000435C0 /* pokemon-app */,
				6121FCBF28E75FC2000435C0 /* pokemon-appTests */,
				6121FC9F28E75D5F000435C0 /* Products */,
				3E647EAE6F9E216B9D102F85 /* Pods */,
				328AF16AA55B383E7B8F9738 /* Frameworks */,
			);
			sourceTree = "<group>";
		};
		6121FC9F28E75D5F000435C0 /* Products */ = {
			isa = PBXGroup;
			children = (
				6121FC9E28E75D5F000435C0 /* pokemon-app.app */,
				6121FCBE28E75FC2000435C0 /* pokemon-appTests.xctest */,
			);
			name = Products;
			sourceTree = "<group>";
		};
		6121FCA028E75D5F000435C0 /* pokemon-app */ = {
			isa = PBXGroup;
			children = (
				6121FCB828E75E20000435C0 /* Application */,
				6121FCB728E75E17000435C0 /* Presentation */,
				6121FCB628E75E13000435C0 /* Domain */,
				6121FCB528E75E0F000435C0 /* Data */,
				6121FCAF28E75D60000435C0 /* Info.plist */,
			);
			path = "pokemon-app";
			sourceTree = "<group>";
		};
		6121FCB528E75E0F000435C0 /* Data */ = {
			isa = PBXGroup;
			children = (
				61A0F39B28E8004E00D49D02 /* DTO */,
				61A0F39828E7FF4900D49D02 /* Services */,
				61A0F39528E7FF0C00D49D02 /* Repositories */,
			);
			path = Data;
			sourceTree = "<group>";
		};
		6121FCB628E75E13000435C0 /* Domain */ = {
			isa = PBXGroup;
			children = (
				61A0F39228E7FC9000D49D02 /* Usecases */,
				61A0F38E28E7F99600D49D02 /* Interfaces */,
				61A0F38B28E7F79500D49D02 /* Entities */,
			);
			path = Domain;
			sourceTree = "<group>";
		};
		6121FCB728E75E17000435C0 /* Presentation */ = {
			isa = PBXGroup;
			children = (
				61A0F3AB28E84A3500D49D02 /* Scenes */,
			);
			path = Presentation;
			sourceTree = "<group>";
		};
		6121FCB828E75E20000435C0 /* Application */ = {
			isa = PBXGroup;
			children = (
				61A0F3A628E848D700D49D02 /* Utility */,
				61A0F3A328E8484800D49D02 /* Common */,
				61A0F3A028E8210000D49D02 /* Extension */,
				6121FCB928E75E50000435C0 /* Source */,
				6121FCA128E75D5F000435C0 /* AppDelegate.swift */,
				6121FCA328E75D5F000435C0 /* SceneDelegate.swift */,
			);
			path = Application;
			sourceTree = "<group>";
		};
		6121FCB928E75E50000435C0 /* Source */ = {
			isa = PBXGroup;
			children = (
				6121FCAA28E75D60000435C0 /* Assets.xcassets */,
				6121FCAC28E75D60000435C0 /* LaunchScreen.storyboard */,
			);
			path = Source;
			sourceTree = "<group>";
		};
		6121FCBF28E75FC2000435C0 /* pokemon-appTests */ = {
			isa = PBXGroup;
			children = (
				6121FCC028E75FC2000435C0 /* pokemon_appTests.swift */,
			);
			path = "pokemon-appTests";
			sourceTree = "<group>";
		};
		61A0F38B28E7F79500D49D02 /* Entities */ = {
			isa = PBXGroup;
			children = (
				61A0F38C28E7F7F700D49D02 /* Pokemon.swift */,
			);
			path = Entities;
			sourceTree = "<group>";
		};
		61A0F38E28E7F99600D49D02 /* Interfaces */ = {
			isa = PBXGroup;
			children = (
				61A0F38F28E7F99D00D49D02 /* Repositories */,
			);
			path = Interfaces;
			sourceTree = "<group>";
		};
		61A0F38F28E7F99D00D49D02 /* Repositories */ = {
			isa = PBXGroup;
			children = (
				61A0F39028E7F9EE00D49D02 /* PokemonListRepositoryInterfaces.swift */,
			);
			path = Repositories;
			sourceTree = "<group>";
		};
		61A0F39228E7FC9000D49D02 /* Usecases */ = {
			isa = PBXGroup;
			children = (
				61A0F39328E7FCA700D49D02 /* ListPokemonUseCase.swift */,
			);
			path = Usecases;
			sourceTree = "<group>";
		};
		61A0F39528E7FF0C00D49D02 /* Repositories */ = {
			isa = PBXGroup;
			children = (
				61A0F39628E7FF2000D49D02 /* PokemonListRepositoryImpl.swift */,
			);
			path = Repositories;
			sourceTree = "<group>";
		};
		61A0F39828E7FF4900D49D02 /* Services */ = {
			isa = PBXGroup;
			children = (
				61A0F39928E7FF6A00D49D02 /* PokemonService.swift */,
			);
			path = Services;
			sourceTree = "<group>";
		};
		61A0F39B28E8004E00D49D02 /* DTO */ = {
			isa = PBXGroup;
			children = (
				61A0F39C28E800AB00D49D02 /* NETPokemonPageResponse.swift */,
			);
			path = DTO;
			sourceTree = "<group>";
		};
		61A0F3A028E8210000D49D02 /* Extension */ = {
			isa = PBXGroup;
			children = (
				61A0F3A128E8213A00D49D02 /* Observable+Ext.swift */,
			);
			path = Extension;
			sourceTree = "<group>";
		};
		61A0F3A328E8484800D49D02 /* Common */ = {
			isa = PBXGroup;
			children = (
				61A0F3A428E8485800D49D02 /* ViewModelType.swift */,
			);
			path = Common;
			sourceTree = "<group>";
		};
		61A0F3A628E848D700D49D02 /* Utility */ = {
			isa = PBXGroup;
			children = (
				61A0F3A828E8490000D49D02 /* ActivityIndicator.swift */,
				61A0F3A728E8490000D49D02 /* ErrorTracker.swift */,
			);
			path = Utility;
			sourceTree = "<group>";
		};
		61A0F3AB28E84A3500D49D02 /* Scenes */ = {
			isa = PBXGroup;
			children = (
				61A0F3AC28E84A3B00D49D02 /* ListPokemon */,
			);
			path = Scenes;
			sourceTree = "<group>";
		};
		61A0F3AC28E84A3B00D49D02 /* ListPokemon */ = {
			isa = PBXGroup;
			children = (
				61A0F3AD28E84A4300D49D02 /* Cell */,
			);
			path = ListPokemon;
			sourceTree = "<group>";
		};
		61A0F3AD28E84A4300D49D02 /* Cell */ = {
			isa = PBXGroup;
			children = (
				61A0F3AE28E84A6500D49D02 /* PokemonCardCollectionCell.swift */,
			);
			path = Cell;
			sourceTree = "<group>";
		};
/* End PBXGroup section */

/* Begin PBXNativeTarget section */
		6121FC9D28E75D5F000435C0 /* pokemon-app */ = {
			isa = PBXNativeTarget;
			buildConfigurationList = 6121FCB228E75D60000435C0 /* Build configuration list for PBXNativeTarget "pokemon-app" */;
			buildPhases = (
				6451125689E40D5E7E124B48 /* [CP] Check Pods Manifest.lock */,
				6121FC9A28E75D5F000435C0 /* Sources */,
				6121FC9B28E75D5F000435C0 /* Frameworks */,
				6121FC9C28E75D5F000435C0 /* Resources */,
				552D8C5A8454AD53E5FFF6DE /* [CP] Embed Pods Frameworks */,
			);
			buildRules = (
			);
			dependencies = (
			);
			name = "pokemon-app";
			productName = "pokemon-app";
			productReference = 6121FC9E28E75D5F000435C0 /* pokemon-app.app */;
			productType = "com.apple.product-type.application";
		};
		6121FCBD28E75FC2000435C0 /* pokemon-appTests */ = {
			isa = PBXNativeTarget;
			buildConfigurationList = 6121FCC428E75FC2000435C0 /* Build configuration list for PBXNativeTarget "pokemon-appTests" */;
			buildPhases = (
				177E30DA037DA7BB143B5B0A /* [CP] Check Pods Manifest.lock */,
				6121FCBA28E75FC2000435C0 /* Sources */,
				6121FCBB28E75FC2000435C0 /* Frameworks */,
				6121FCBC28E75FC2000435C0 /* Resources */,
				E001E1B8578A8670593EB956 /* [CP] Embed Pods Frameworks */,
			);
			buildRules = (
			);
			dependencies = (
				6121FCC328E75FC2000435C0 /* PBXTargetDependency */,
			);
			name = "pokemon-appTests";
			productName = "pokemon-appTests";
			productReference = 6121FCBE28E75FC2000435C0 /* pokemon-appTests.xctest */;
			productType = "com.apple.product-type.bundle.unit-test";
		};
/* End PBXNativeTarget section */

/* Begin PBXProject section */
		6121FC9628E75D5F000435C0 /* Project object */ = {
			isa = PBXProject;
			attributes = {
				BuildIndependentTargetsInParallel = 1;
				LastSwiftUpdateCheck = 1400;
				LastUpgradeCheck = 1400;
				TargetAttributes = {
					6121FC9D28E75D5F000435C0 = {
						CreatedOnToolsVersion = 14.0.1;
					};
					6121FCBD28E75FC2000435C0 = {
						CreatedOnToolsVersion = 14.0.1;
						TestTargetID = 6121FC9D28E75D5F000435C0;
					};
				};
			};
			buildConfigurationList = 6121FC9928E75D5F000435C0 /* Build configuration list for PBXProject "pokemon-app" */;
			compatibilityVersion = "Xcode 14.0";
			developmentRegion = en;
			hasScannedForEncodings = 0;
			knownRegions = (
				en,
				Base,
			);
			mainGroup = 6121FC9528E75D5F000435C0;
			productRefGroup = 6121FC9F28E75D5F000435C0 /* Products */;
			projectDirPath = "";
			projectRoot = "";
			targets = (
				6121FC9D28E75D5F000435C0 /* pokemon-app */,
				6121FCBD28E75FC2000435C0 /* pokemon-appTests */,
			);
		};
/* End PBXProject section */

/* Begin PBXResourcesBuildPhase section */
		6121FC9C28E75D5F000435C0 /* Resources */ = {
			isa = PBXResourcesBuildPhase;
			buildActionMask = 2147483647;
			files = (
				6121FCAE28E75D60000435C0 /* LaunchScreen.storyboard in Resources */,
				6121FCAB28E75D60000435C0 /* Assets.xcassets in Resources */,
			);
			runOnlyForDeploymentPostprocessing = 0;
		};
		6121FCBC28E75FC2000435C0 /* Resources */ = {
			isa = PBXResourcesBuildPhase;
			buildActionMask = 2147483647;
			files = (
			);
			runOnlyForDeploymentPostprocessing = 0;
		};
/* End PBXResourcesBuildPhase section */

/* Begin PBXShellScriptBuildPhase section */
		177E30DA037DA7BB143B5B0A /* [CP] Check Pods Manifest.lock */ = {
			isa = PBXShellScriptBuildPhase;
			buildActionMask = 2147483647;
			files = (
			);
			inputFileListPaths = (
			);
			inputPaths = (
				"${PODS_PODFILE_DIR_PATH}/Podfile.lock",
				"${PODS_ROOT}/Manifest.lock",
			);
			name = "[CP] Check Pods Manifest.lock";
			outputFileListPaths = (
			);
			outputPaths = (
				"$(DERIVED_FILE_DIR)/Pods-pokemon-appTests-checkManifestLockResult.txt",
			);
			runOnlyForDeploymentPostprocessing = 0;
			shellPath = /bin/sh;
			shellScript = "diff \"${PODS_PODFILE_DIR_PATH}/Podfile.lock\" \"${PODS_ROOT}/Manifest.lock\" > /dev/null\nif [ $? != 0 ] ; then\n    # print error to STDERR\n    echo \"error: The sandbox is not in sync with the Podfile.lock. Run 'pod install' or update your CocoaPods installation.\" >&2\n    exit 1\nfi\n# This output is used by Xcode 'outputs' to avoid re-running this script phase.\necho \"SUCCESS\" > \"${SCRIPT_OUTPUT_FILE_0}\"\n";
			showEnvVarsInLog = 0;
		};
		552D8C5A8454AD53E5FFF6DE /* [CP] Embed Pods Frameworks */ = {
			isa = PBXShellScriptBuildPhase;
			buildActionMask = 2147483647;
			files = (
			);
			inputFileListPaths = (
				"${PODS_ROOT}/Target Support Files/Pods-pokemon-app/Pods-pokemon-app-frameworks-${CONFIGURATION}-input-files.xcfilelist",
			);
			name = "[CP] Embed Pods Frameworks";
			outputFileListPaths = (
				"${PODS_ROOT}/Target Support Files/Pods-pokemon-app/Pods-pokemon-app-frameworks-${CONFIGURATION}-output-files.xcfilelist",
			);
			runOnlyForDeploymentPostprocessing = 0;
			shellPath = /bin/sh;
			shellScript = "\"${PODS_ROOT}/Target Support Files/Pods-pokemon-app/Pods-pokemon-app-frameworks.sh\"\n";
			showEnvVarsInLog = 0;
		};
		6451125689E40D5E7E124B48 /* [CP] Check Pods Manifest.lock */ = {
			isa = PBXShellScriptBuildPhase;
			buildActionMask = 2147483647;
			files = (
			);
			inputFileListPaths = (
			);
			inputPaths = (
				"${PODS_PODFILE_DIR_PATH}/Podfile.lock",
				"${PODS_ROOT}/Manifest.lock",
			);
			name = "[CP] Check Pods Manifest.lock";
			outputFileListPaths = (
			);
			outputPaths = (
				"$(DERIVED_FILE_DIR)/Pods-pokemon-app-checkManifestLockResult.txt",
			);
			runOnlyForDeploymentPostprocessing = 0;
			shellPath = /bin/sh;
			shellScript = "diff \"${PODS_PODFILE_DIR_PATH}/Podfile.lock\" \"${PODS_ROOT}/Manifest.lock\" > /dev/null\nif [ $? != 0 ] ; then\n    # print error to STDERR\n    echo \"error: The sandbox is not in sync with the Podfile.lock. Run 'pod install' or update your CocoaPods installation.\" >&2\n    exit 1\nfi\n# This output is used by Xcode 'outputs' to avoid re-running this script phase.\necho \"SUCCESS\" > \"${SCRIPT_OUTPUT_FILE_0}\"\n";
			showEnvVarsInLog = 0;
		};
		E001E1B8578A8670593EB956 /* [CP] Embed Pods Frameworks */ = {
			isa = PBXShellScriptBuildPhase;
			buildActionMask = 2147483647;
			files = (
			);
			inputFileListPaths = (
				"${PODS_ROOT}/Target Support Files/Pods-pokemon-appTests/Pods-pokemon-appTests-frameworks-${CONFIGURATION}-input-files.xcfilelist",
			);
			name = "[CP] Embed Pods Frameworks";
			outputFileListPaths = (
				"${PODS_ROOT}/Target Support Files/Pods-pokemon-appTests/Pods-pokemon-appTests-frameworks-${CONFIGURATION}-output-files.xcfilelist",
			);
			runOnlyForDeploymentPostprocessing = 0;
			shellPath = /bin/sh;
			shellScript = "\"${PODS_ROOT}/Target Support Files/Pods-pokemon-appTests/Pods-pokemon-appTests-frameworks.sh\"\n";
			showEnvVarsInLog = 0;
		};
/* End PBXShellScriptBuildPhase section */

/* Begin PBXSourcesBuildPhase section */
		6121FC9A28E75D5F000435C0 /* Sources */ = {
			isa = PBXSourcesBuildPhase;
			buildActionMask = 2147483647;
			files = (
				6121FCA228E75D5F000435C0 /* AppDelegate.swift in Sources */,
				61A0F39728E7FF2000D49D02 /* PokemonListRepositoryImpl.swift in Sources */,
				61A0F39128E7F9EE00D49D02 /* PokemonListRepositoryInterfaces.swift in Sources */,
				61A0F39D28E800AB00D49D02 /* NETPokemonPageResponse.swift in Sources */,
				61A0F3AA28E8490000D49D02 /* ActivityIndicator.swift in Sources */,
				61A0F3A228E8213A00D49D02 /* Observable+Ext.swift in Sources */,
				61A0F3A928E8490000D49D02 /* ErrorTracker.swift in Sources */,
				61A0F3AF28E84A6500D49D02 /* PokemonCardCollectionCell.swift in Sources */,
				6121FCA428E75D5F000435C0 /* SceneDelegate.swift in Sources */,
				61A0F39A28E7FF6A00D49D02 /* PokemonService.swift in Sources */,
				61A0F38D28E7F7F700D49D02 /* Pokemon.swift in Sources */,
				61A0F3A528E8485800D49D02 /* ViewModelType.swift in Sources */,
				61A0F39428E7FCA700D49D02 /* ListPokemonUseCase.swift in Sources */,
			);
			runOnlyForDeploymentPostprocessing = 0;
		};
		6121FCBA28E75FC2000435C0 /* Sources */ = {
			isa = PBXSourcesBuildPhase;
			buildActionMask = 2147483647;
			files = (
				6121FCC128E75FC2000435C0 /* pokemon_appTests.swift in Sources */,
			);
			runOnlyForDeploymentPostprocessing = 0;
		};
/* End PBXSourcesBuildPhase section */

/* Begin PBXTargetDependency section */
		6121FCC328E75FC2000435C0 /* PBXTargetDependency */ = {
			isa = PBXTargetDependency;
			target = 6121FC9D28E75D5F000435C0 /* pokemon-app */;
			targetProxy = 6121FCC228E75FC2000435C0 /* PBXContainerItemProxy */;
		};
/* End PBXTargetDependency section */

/* Begin PBXVariantGroup section */
		6121FCAC28E75D60000435C0 /* LaunchScreen.storyboard */ = {
			isa = PBXVariantGroup;
			children = (
				6121FCAD28E75D60000435C0 /* Base */,
			);
			name = LaunchScreen.storyboard;
			sourceTree = "<group>";
		};
/* End PBXVariantGroup section */

/* Begin XCBuildConfiguration section */
		6121FCB028E75D60000435C0 /* Debug */ = {
			isa = XCBuildConfiguration;
			buildSettings = {
				ALWAYS_SEARCH_USER_PATHS = NO;
				CLANG_ANALYZER_NONNULL = YES;
				CLANG_ANALYZER_NUMBER_OBJECT_CONVERSION = YES_AGGRESSIVE;
				CLANG_CXX_LANGUAGE_STANDARD = "gnu++20";
				CLANG_ENABLE_MODULES = YES;
				CLANG_ENABLE_OBJC_ARC = YES;
				CLANG_ENABLE_OBJC_WEAK = YES;
				CLANG_WARN_BLOCK_CAPTURE_AUTORELEASING = YES;
				CLANG_WARN_BOOL_CONVERSION = YES;
				CLANG_WARN_COMMA = YES;
				CLANG_WARN_CONSTANT_CONVERSION = YES;
				CLANG_WARN_DEPRECATED_OBJC_IMPLEMENTATIONS = YES;
				CLANG_WARN_DIRECT_OBJC_ISA_USAGE = YES_ERROR;
				CLANG_WARN_DOCUMENTATION_COMMENTS = YES;
				CLANG_WARN_EMPTY_BODY = YES;
				CLANG_WARN_ENUM_CONVERSION = YES;
				CLANG_WARN_INFINITE_RECURSION = YES;
				CLANG_WARN_INT_CONVERSION = YES;
				CLANG_WARN_NON_LITERAL_NULL_CONVERSION = YES;
				CLANG_WARN_OBJC_IMPLICIT_RETAIN_SELF = YES;
				CLANG_WARN_OBJC_LITERAL_CONVERSION = YES;
				CLANG_WARN_OBJC_ROOT_CLASS = YES_ERROR;
				CLANG_WARN_QUOTED_INCLUDE_IN_FRAMEWORK_HEADER = YES;
				CLANG_WARN_RANGE_LOOP_ANALYSIS = YES;
				CLANG_WARN_STRICT_PROTOTYPES = YES;
				CLANG_WARN_SUSPICIOUS_MOVE = YES;
				CLANG_WARN_UNGUARDED_AVAILABILITY = YES_AGGRESSIVE;
				CLANG_WARN_UNREACHABLE_CODE = YES;
				CLANG_WARN__DUPLICATE_METHOD_MATCH = YES;
				COPY_PHASE_STRIP = NO;
				DEBUG_INFORMATION_FORMAT = dwarf;
				ENABLE_STRICT_OBJC_MSGSEND = YES;
				ENABLE_TESTABILITY = YES;
				GCC_C_LANGUAGE_STANDARD = gnu11;
				GCC_DYNAMIC_NO_PIC = NO;
				GCC_NO_COMMON_BLOCKS = YES;
				GCC_OPTIMIZATION_LEVEL = 0;
				GCC_PREPROCESSOR_DEFINITIONS = (
					"DEBUG=1",
					"$(inherited)",
				);
				GCC_WARN_64_TO_32_BIT_CONVERSION = YES;
				GCC_WARN_ABOUT_RETURN_TYPE = YES_ERROR;
				GCC_WARN_UNDECLARED_SELECTOR = YES;
				GCC_WARN_UNINITIALIZED_AUTOS = YES_AGGRESSIVE;
				GCC_WARN_UNUSED_FUNCTION = YES;
				GCC_WARN_UNUSED_VARIABLE = YES;
				IPHONEOS_DEPLOYMENT_TARGET = 16.0;
				MTL_ENABLE_DEBUG_INFO = INCLUDE_SOURCE;
				MTL_FAST_MATH = YES;
				ONLY_ACTIVE_ARCH = YES;
				SDKROOT = iphoneos;
				SWIFT_ACTIVE_COMPILATION_CONDITIONS = DEBUG;
				SWIFT_OPTIMIZATION_LEVEL = "-Onone";
			};
			name = Debug;
		};
		6121FCB128E75D60000435C0 /* Release */ = {
			isa = XCBuildConfiguration;
			buildSettings = {
				ALWAYS_SEARCH_USER_PATHS = NO;
				CLANG_ANALYZER_NONNULL = YES;
				CLANG_ANALYZER_NUMBER_OBJECT_CONVERSION = YES_AGGRESSIVE;
				CLANG_CXX_LANGUAGE_STANDARD = "gnu++20";
				CLANG_ENABLE_MODULES = YES;
				CLANG_ENABLE_OBJC_ARC = YES;
				CLANG_ENABLE_OBJC_WEAK = YES;
				CLANG_WARN_BLOCK_CAPTURE_AUTORELEASING = YES;
				CLANG_WARN_BOOL_CONVERSION = YES;
				CLANG_WARN_COMMA = YES;
				CLANG_WARN_CONSTANT_CONVERSION = YES;
				CLANG_WARN_DEPRECATED_OBJC_IMPLEMENTATIONS = YES;
				CLANG_WARN_DIRECT_OBJC_ISA_USAGE = YES_ERROR;
				CLANG_WARN_DOCUMENTATION_COMMENTS = YES;
				CLANG_WARN_EMPTY_BODY = YES;
				CLANG_WARN_ENUM_CONVERSION = YES;
				CLANG_WARN_INFINITE_RECURSION = YES;
				CLANG_WARN_INT_CONVERSION = YES;
				CLANG_WARN_NON_LITERAL_NULL_CONVERSION = YES;
				CLANG_WARN_OBJC_IMPLICIT_RETAIN_SELF = YES;
				CLANG_WARN_OBJC_LITERAL_CONVERSION = YES;
				CLANG_WARN_OBJC_ROOT_CLASS = YES_ERROR;
				CLANG_WARN_QUOTED_INCLUDE_IN_FRAMEWORK_HEADER = YES;
				CLANG_WARN_RANGE_LOOP_ANALYSIS = YES;
				CLANG_WARN_STRICT_PROTOTYPES = YES;
				CLANG_WARN_SUSPICIOUS_MOVE = YES;
				CLANG_WARN_UNGUARDED_AVAILABILITY = YES_AGGRESSIVE;
				CLANG_WARN_UNREACHABLE_CODE = YES;
				CLANG_WARN__DUPLICATE_METHOD_MATCH = YES;
				COPY_PHASE_STRIP = NO;
				DEBUG_INFORMATION_FORMAT = "dwarf-with-dsym";
				ENABLE_NS_ASSERTIONS = NO;
				ENABLE_STRICT_OBJC_MSGSEND = YES;
				GCC_C_LANGUAGE_STANDARD = gnu11;
				GCC_NO_COMMON_BLOCKS = YES;
				GCC_WARN_64_TO_32_BIT_CONVERSION = YES;
				GCC_WARN_ABOUT_RETURN_TYPE = YES_ERROR;
				GCC_WARN_UNDECLARED_SELECTOR = YES;
				GCC_WARN_UNINITIALIZED_AUTOS = YES_AGGRESSIVE;
				GCC_WARN_UNUSED_FUNCTION = YES;
				GCC_WARN_UNUSED_VARIABLE = YES;
				IPHONEOS_DEPLOYMENT_TARGET = 16.0;
				MTL_ENABLE_DEBUG_INFO = NO;
				MTL_FAST_MATH = YES;
				SDKROOT = iphoneos;
				SWIFT_COMPILATION_MODE = wholemodule;
				SWIFT_OPTIMIZATION_LEVEL = "-O";
				VALIDATE_PRODUCT = YES;
			};
			name = Release;
		};
		6121FCB328E75D60000435C0 /* Debug */ = {
			isa = XCBuildConfiguration;
			baseConfigurationReference = F111F6932B892AEFB55BF7FE /* Pods-pokemon-app.debug.xcconfig */;
			buildSettings = {
				ASSETCATALOG_COMPILER_APPICON_NAME = AppIcon;
				ASSETCATALOG_COMPILER_GLOBAL_ACCENT_COLOR_NAME = AccentColor;
				CODE_SIGN_STYLE = Automatic;
				CURRENT_PROJECT_VERSION = 1;
				DEVELOPMENT_TEAM = 33Z87RYAC2;
				GENERATE_INFOPLIST_FILE = YES;
				INFOPLIST_FILE = "pokemon-app/Info.plist";
				INFOPLIST_KEY_CFBundleDisplayName = Pokemon;
				INFOPLIST_KEY_UIApplicationSupportsIndirectInputEvents = YES;
				INFOPLIST_KEY_UILaunchStoryboardName = LaunchScreen.storyboard;
				INFOPLIST_KEY_UIMainStoryboardFile = Main;
				INFOPLIST_KEY_UISupportedInterfaceOrientations = UIInterfaceOrientationPortrait;
				INFOPLIST_KEY_UISupportedInterfaceOrientations_iPad = "UIInterfaceOrientationLandscapeLeft UIInterfaceOrientationLandscapeRight UIInterfaceOrientationPortrait UIInterfaceOrientationPortraitUpsideDown";
				IPHONEOS_DEPLOYMENT_TARGET = 14.0;
				LD_RUNPATH_SEARCH_PATHS = (
					"$(inherited)",
					"@executable_path/Frameworks",
				);
				MARKETING_VERSION = 1.0;
				PRODUCT_BUNDLE_IDENTIFIER = "randyefan.pokemon-app";
				PRODUCT_NAME = "$(TARGET_NAME)";
				SUPPORTED_PLATFORMS = "iphoneos iphonesimulator";
				SUPPORTS_MACCATALYST = NO;
				SUPPORTS_MAC_DESIGNED_FOR_IPHONE_IPAD = NO;
				SWIFT_EMIT_LOC_STRINGS = YES;
				SWIFT_VERSION = 5.0;
				TARGETED_DEVICE_FAMILY = 1;
			};
			name = Debug;
		};
		6121FCB428E75D60000435C0 /* Release */ = {
			isa = XCBuildConfiguration;
			baseConfigurationReference = F5137C1D082B9B8FDB2C4987 /* Pods-pokemon-app.release.xcconfig */;
			buildSettings = {
				ASSETCATALOG_COMPILER_APPICON_NAME = AppIcon;
				ASSETCATALOG_COMPILER_GLOBAL_ACCENT_COLOR_NAME = AccentColor;
				CODE_SIGN_STYLE = Automatic;
				CURRENT_PROJECT_VERSION = 1;
				DEVELOPMENT_TEAM = 33Z87RYAC2;
				GENERATE_INFOPLIST_FILE = YES;
				INFOPLIST_FILE = "pokemon-app/Info.plist";
				INFOPLIST_KEY_CFBundleDisplayName = Pokemon;
				INFOPLIST_KEY_UIApplicationSupportsIndirectInputEvents = YES;
				INFOPLIST_KEY_UILaunchStoryboardName = LaunchScreen.storyboard;
				INFOPLIST_KEY_UIMainStoryboardFile = Main;
				INFOPLIST_KEY_UISupportedInterfaceOrientations = UIInterfaceOrientationPortrait;
				INFOPLIST_KEY_UISupportedInterfaceOrientations_iPad = "UIInterfaceOrientationLandscapeLeft UIInterfaceOrientationLandscapeRight UIInterfaceOrientationPortrait UIInterfaceOrientationPortraitUpsideDown";
				IPHONEOS_DEPLOYMENT_TARGET = 14.0;
				LD_RUNPATH_SEARCH_PATHS = (
					"$(inherited)",
					"@executable_path/Frameworks",
				);
				MARKETING_VERSION = 1.0;
				PRODUCT_BUNDLE_IDENTIFIER = "randyefan.pokemon-app";
				PRODUCT_NAME = "$(TARGET_NAME)";
				SUPPORTED_PLATFORMS = "iphoneos iphonesimulator";
				SUPPORTS_MACCATALYST = NO;
				SUPPORTS_MAC_DESIGNED_FOR_IPHONE_IPAD = NO;
				SWIFT_EMIT_LOC_STRINGS = YES;
				SWIFT_VERSION = 5.0;
				TARGETED_DEVICE_FAMILY = 1;
			};
			name = Release;
		};
		6121FCC528E75FC2000435C0 /* Debug */ = {
			isa = XCBuildConfiguration;
			baseConfigurationReference = DBE907ED1D39BB1F2FA1DE09 /* Pods-pokemon-appTests.debug.xcconfig */;
			buildSettings = {
				BUNDLE_LOADER = "$(TEST_HOST)";
				CODE_SIGN_STYLE = Automatic;
				CURRENT_PROJECT_VERSION = 1;
				DEVELOPMENT_TEAM = 33Z87RYAC2;
				GENERATE_INFOPLIST_FILE = YES;
				MARKETING_VERSION = 1.0;
				PRODUCT_BUNDLE_IDENTIFIER = "randyefan.pokemon-appTests";
				PRODUCT_NAME = "$(TARGET_NAME)";
				SWIFT_EMIT_LOC_STRINGS = NO;
				SWIFT_VERSION = 5.0;
				TARGETED_DEVICE_FAMILY = "1,2";
				TEST_HOST = "$(BUILT_PRODUCTS_DIR)/pokemon-app.app/$(BUNDLE_EXECUTABLE_FOLDER_PATH)/pokemon-app";
			};
			name = Debug;
		};
		6121FCC628E75FC2000435C0 /* Release */ = {
			isa = XCBuildConfiguration;
			baseConfigurationReference = 95D865A5E948C6E7AE7FFE04 /* Pods-pokemon-appTests.release.xcconfig */;
			buildSettings = {
				BUNDLE_LOADER = "$(TEST_HOST)";
				CODE_SIGN_STYLE = Automatic;
				CURRENT_PROJECT_VERSION = 1;
				DEVELOPMENT_TEAM = 33Z87RYAC2;
				GENERATE_INFOPLIST_FILE = YES;
				MARKETING_VERSION = 1.0;
				PRODUCT_BUNDLE_IDENTIFIER = "randyefan.pokemon-appTests";
				PRODUCT_NAME = "$(TARGET_NAME)";
				SWIFT_EMIT_LOC_STRINGS = NO;
				SWIFT_VERSION = 5.0;
				TARGETED_DEVICE_FAMILY = "1,2";
				TEST_HOST = "$(BUILT_PRODUCTS_DIR)/pokemon-app.app/$(BUNDLE_EXECUTABLE_FOLDER_PATH)/pokemon-app";
			};
			name = Release;
		};
/* End XCBuildConfiguration section */

/* Begin XCConfigurationList section */
		6121FC9928E75D5F000435C0 /* Build configuration list for PBXProject "pokemon-app" */ = {
			isa = XCConfigurationList;
			buildConfigurations = (
				6121FCB028E75D60000435C0 /* Debug */,
				6121FCB128E75D60000435C0 /* Release */,
			);
			defaultConfigurationIsVisible = 0;
			defaultConfigurationName = Release;
		};
		6121FCB228E75D60000435C0 /* Build configuration list for PBXNativeTarget "pokemon-app" */ = {
			isa = XCConfigurationList;
			buildConfigurations = (
				6121FCB328E75D60000435C0 /* Debug */,
				6121FCB428E75D60000435C0 /* Release */,
			);
			defaultConfigurationIsVisible = 0;
			defaultConfigurationName = Release;
		};
		6121FCC428E75FC2000435C0 /* Build configuration list for PBXNativeTarget "pokemon-appTests" */ = {
			isa = XCConfigurationList;
			buildConfigurations = (
				6121FCC528E75FC2000435C0 /* Debug */,
				6121FCC628E75FC2000435C0 /* Release */,
			);
			defaultConfigurationIsVisible = 0;
			defaultConfigurationName = Release;
		};
/* End XCConfigurationList section */
	};
	rootObject = 6121FC9628E75D5F000435C0 /* Project object */;
}
